
Microsoft Visual Studio Solution File, Format Version 12.00
# Visual Studio Version 16
VisualStudioVersion = 16.0.29324.140
MinimumVisualStudioVersion = 10.0.40219.1
Project("{FAE04EC0-301F-11D3-BF4B-00C04F79EFBC}") = "6heti", "6heti.csproj", "{C1555DDD-1F3D-4FA2-B48E-7CF7387A2242}"
EndProject
Global
	GlobalSection(SolutionConfigurationPlatforms) = preSolution
		Debug|Any CPU = Debug|Any CPU
		Release|Any CPU = Release|Any CPU
	EndGlobalSection
	GlobalSection(ProjectConfigurationPlatforms) = postSolution
		{C1555DDD-1F3D-4FA2-B48E-7CF7387A2242}.Debug|Any CPU.ActiveCfg = Debug|Any CPU
		{C1555DDD-1F3D-4FA2-B48E-7CF7387A2242}.Debug|Any CPU.Build.0 = Debug|Any CPU
		{C1555DDD-1F3D-4FA2-B48E-7CF7387A2242}.Release|Any CPU.ActiveCfg = Release|Any CPU
		{C1555DDD-1F3D-4FA2-B48E-7CF7387A2242}.Release|Any CPU.Build.0 = Release|Any CPU
	EndGlobalSection
	GlobalSection(SolutionProperties) = preSolution
		HideSolutionNode = FALSE
	EndGlobalSection
	GlobalSection(ExtensibilityGlobals) = postSolution
		SolutionGuid = {2492F3CD-FFC1-4078-A29E-BC966ABA25A8}
	EndGlobalSection
EndGlobal
